
Microsoft Visual Studio Solution File, Format Version 12.00
# Visual Studio 15
VisualStudioVersion = 15.0.26124.0
MinimumVisualStudioVersion = 15.0.26124.0
Project("{2150E333-8FDC-42A3-9474-1A3956D46DE8}") = "src", "src", "{D869B943-9348-48EF-B865-CC8E0C8B2B50}"
EndProject
Project("{FAE04EC0-301F-11D3-BF4B-00C04F79EFBC}") = "DevAl.Play.GroupManage.Web", "src\DevAl.Play.GroupManage.Web\DevAl.Play.GroupManage.Web.csproj", "{B6C65B83-4224-4890-AF29-672669CBBE18}"
EndProject
Global
	GlobalSection(SolutionConfigurationPlatforms) = preSolution
		Debug|Any CPU = Debug|Any CPU
		Debug|x64 = Debug|x64
		Debug|x86 = Debug|x86
		Release|Any CPU = Release|Any CPU
		Release|x64 = Release|x64
		Release|x86 = Release|x86
	EndGlobalSection
	GlobalSection(SolutionProperties) = preSolution
		HideSolutionNode = FALSE
	EndGlobalSection
	GlobalSection(ProjectConfigurationPlatforms) = postSolution
		{B6C65B83-4224-4890-AF29-672669CBBE18}.Debug|Any CPU.ActiveCfg = Debug|Any CPU
		{B6C65B83-4224-4890-AF29-672669CBBE18}.Debug|Any CPU.Build.0 = Debug|Any CPU
		{B6C65B83-4224-4890-AF29-672669CBBE18}.Debug|x64.ActiveCfg = Debug|Any CPU
		{B6C65B83-4224-4890-AF29-672669CBBE18}.Debug|x64.Build.0 = Debug|Any CPU
		{B6C65B83-4224-4890-AF29-672669CBBE18}.Debug|x86.ActiveCfg = Debug|Any CPU
		{B6C65B83-4224-4890-AF29-672669CBBE18}.Debug|x86.Build.0 = Debug|Any CPU
		{B6C65B83-4224-4890-AF29-672669CBBE18}.Release|Any CPU.ActiveCfg = Release|Any CPU
		{B6C65B83-4224-4890-AF29-672669CBBE18}.Release|Any CPU.Build.0 = Release|Any CPU
		{B6C65B83-4224-4890-AF29-672669CBBE18}.Release|x64.ActiveCfg = Release|Any CPU
		{B6C65B83-4224-4890-AF29-672669CBBE18}.Release|x64.Build.0 = Release|Any CPU
		{B6C65B83-4224-4890-AF29-672669CBBE18}.Release|x86.ActiveCfg = Release|Any CPU
		{B6C65B83-4224-4890-AF29-672669CBBE18}.Release|x86.Build.0 = Release|Any CPU
	EndGlobalSection
	GlobalSection(NestedProjects) = preSolution
		{B6C65B83-4224-4890-AF29-672669CBBE18} = {D869B943-9348-48EF-B865-CC8E0C8B2B50}
	EndGlobalSection
EndGlobal
